PODS:
  - Capacitor (7.6.9):
    - CapacitorCordova
  - CapacitorCordova (7.6.9)
  - CapacitorPreferences (7.0.4):
    - Capacitor
  - CapacitorPushNotifications (7.0.7):
    - Capacitor
  - CapacitorSplashScreen (7.0.5):
    - Capacitor

DEPENDENCIES:
  - "Capacitor (from `../../node_modules/@capacitor/ios`)"
  - "CapacitorCordova (from `../../node_modules/@capacitor/ios`)"
  - "CapacitorPreferences (from `../../node_modules/@capacitor/preferences`)"
  - "CapacitorPushNotifications (from `../../node_modules/@capacitor/push-notifications`)"
  - "CapacitorSplashScreen (from `../../node_modules/@capacitor/splash-screen`)"

EXTERNAL SOURCES:
  Capacitor:
    :path: "../../node_modules/@capacitor/ios"
  CapacitorCordova:
    :path: "../../node_modules/@capacitor/ios"
  CapacitorPreferences:
    :path: "../../node_modules/@capacitor/preferences"
  CapacitorPushNotifications:
    :path: "../../node_modules/@capacitor/push-notifications"
  CapacitorSplashScreen:
    :path: "../../node_modules/@capacitor/splash-screen"

SPEC CHECKSUMS:
  Capacitor: 1194c38ae1cc820671aefd94c59ebcbca2f33b26
  CapacitorCordova: 2080fc0d6bfbc9dcc0e6d88e77fa624190d343ca
  CapacitorPreferences: d82a7e3b95fcab43a553268b803356522910d153
  CapacitorPushNotifications: f7e0909b16354405bbf4fd50b1ae5111843220ab
  CapacitorSplashScreen: b3d12b4324d93ce605fe57f05a199ade7f26189e

PODFILE CHECKSUM: 8f4aef50f5678a95fc374d1ba749643bc040d010

COCOAPODS: 1.15.2
